{
  "requires": true,
  "lockfileVersion": 1,
  "dependencies": {
    "@angular/core": {
      "version": "10.0.8",
      "resolved": "https://registry.npmjs.org/@angular/core/-/core-10.0.8.tgz",
      "integrity": "sha512-52M1krR/TRZsV9WKPd+r7IPVT8c5Nh+Im1z3/ZY7rG0HmxXsV7YzuTuKV7oyHbWPg0WPJAwyH0+qxBK3kpvc8w==",
      "requires": {
        "tslib": "^2.0.0"
      }
    },
    "tslib": {
      "version": "2.0.1",
      "resolved": "https://registry.npmjs.org/tslib/-/tslib-2.0.1.tgz",
      "integrity": "sha512-SgIkNheinmEBgx1IUNirK0TUD4X9yjjBRTqqjggWCU3pUEqIk3/Uwl3yRixYKT6WjQuGiwDv4NomL3wqRCj+CQ=="
    }
  }
}
